<Solution>
  <Folder Name="/Access/">
    <Project Path="../Access.Common/Access.Common.csproj" />
  </Folder>
  <Folder Name="/Host/">
    <Project Path="../Host/Host.Api.csproj" />
  </Folder>
  <Folder Name="/Manager/">
    <Project Path="../Manager/Manager.csproj" />
  </Folder>
  <Folder Name="/Test/" />
</Solution>
